
Microsoft Visual Studio Solution File, Format Version 12.00
# Visual Studio Version 17
VisualStudioVersion = 17.10.35004.147
MinimumVisualStudioVersion = 10.0.40219.1
Project("{FAE04EC0-301F-11D3-BF4B-00C04F79EFBC}") = "Tudo-List.Server", "Tudo-List\Tudo-List.Server\Tudo-List.Server.csproj", "{D8FD6008-89F9-4946-B8C8-9CAA86AAB11C}"
EndProject
Global
	GlobalSection(SolutionConfigurationPlatforms) = preSolution
		Debug|Any CPU = Debug|Any CPU
		Release|Any CPU = Release|Any CPU
	EndGlobalSection
	GlobalSection(ProjectConfigurationPlatforms) = postSolution
		{D8FD6008-89F9-4946-B8C8-9CAA86AAB11C}.Debug|Any CPU.ActiveCfg = Debug|Any CPU
		{D8FD6008-89F9-4946-B8C8-9CAA86AAB11C}.Debug|Any CPU.Build.0 = Debug|Any CPU
		{D8FD6008-89F9-4946-B8C8-9CAA86AAB11C}.Release|Any CPU.ActiveCfg = Release|Any CPU
		{D8FD6008-89F9-4946-B8C8-9CAA86AAB11C}.Release|Any CPU.Build.0 = Release|Any CPU
	EndGlobalSection
	GlobalSection(SolutionProperties) = preSolution
		HideSolutionNode = FALSE
	EndGlobalSection
	GlobalSection(ExtensibilityGlobals) = postSolution
		SolutionGuid = {6627B996-CF95-49E1-96B6-3AC000EC29DE}
	EndGlobalSection
EndGlobal
